
Microsoft Visual Studio Solution File, Format Version 12.00
# Visual Studio Version 17
VisualStudioVersion = 17.9.34902.65
MinimumVisualStudioVersion = 10.0.40219.1
Project("{FAE04EC0-301F-11D3-BF4B-00C04F79EFBC}") = "ConsoleHome", "ConsoleHome.csproj", "{1584BC26-4888-4A50-B791-134C00D345A4}"
EndProject
Global
	GlobalSection(SolutionConfigurationPlatforms) = preSolution
		Debug|Any CPU = Debug|Any CPU
		Release|Any CPU = Release|Any CPU
	EndGlobalSection
	GlobalSection(ProjectConfigurationPlatforms) = postSolution
		{1584BC26-4888-4A50-B791-134C00D345A4}.Debug|Any CPU.ActiveCfg = Debug|Any CPU
		{1584BC26-4888-4A50-B791-134C00D345A4}.Debug|Any CPU.Build.0 = Debug|Any CPU
		{1584BC26-4888-4A50-B791-134C00D345A4}.Release|Any CPU.ActiveCfg = Release|Any CPU
		{1584BC26-4888-4A50-B791-134C00D345A4}.Release|Any CPU.Build.0 = Release|Any CPU
	EndGlobalSection
	GlobalSection(SolutionProperties) = preSolution
		HideSolutionNode = FALSE
	EndGlobalSection
	GlobalSection(ExtensibilityGlobals) = postSolution
		SolutionGuid = {4ED91520-E733-4A17-9832-69B87F80C1CF}
	EndGlobalSection
EndGlobal
